
Microsoft Visual Studio Solution File, Format Version 12.00
# Visual Studio Version 17
VisualStudioVersion = 17.13.35931.197 d17.13
MinimumVisualStudioVersion = 10.0.40219.1
Project("{FAE04EC0-301F-11D3-BF4B-00C04F79EFBC}") = "Microworkers.Domain", "Microworkers.Domain\Microworkers.Domain.csproj", "{B167CFC5-3C93-447F-BEE6-DC5ADC4C0372}"
EndProject
Project("{FAE04EC0-301F-11D3-BF4B-00C04F79EFBC}") = "Microworkers.Infrastructure", "Microworkers.Infrastructure\Microworkers.Infrastructure.csproj", "{CCE28350-F2DE-4076-8F22-591A9AB9CE63}"
EndProject
Project("{FAE04EC0-301F-11D3-BF4B-00C04F79EFBC}") = "Microworkers.Tests", "Microworkers.Tests\Microworkers.Tests.csproj", "{EF084B35-467D-4D1F-91A4-44122CD2F669}"
EndProject
Global
	GlobalSection(SolutionConfigurationPlatforms) = preSolution
		Debug|Any CPU = Debug|Any CPU
		Release|Any CPU = Release|Any CPU
	EndGlobalSection
	GlobalSection(ProjectConfigurationPlatforms) = postSolution
		{B167CFC5-3C93-447F-BEE6-DC5ADC4C0372}.Debug|Any CPU.ActiveCfg = Debug|Any CPU
		{B167CFC5-3C93-447F-BEE6-DC5ADC4C0372}.Debug|Any CPU.Build.0 = Debug|Any CPU
		{B167CFC5-3C93-447F-BEE6-DC5ADC4C0372}.Release|Any CPU.ActiveCfg = Release|Any CPU
		{B167CFC5-3C93-447F-BEE6-DC5ADC4C0372}.Release|Any CPU.Build.0 = Release|Any CPU
		{CCE28350-F2DE-4076-8F22-591A9AB9CE63}.Debug|Any CPU.ActiveCfg = Debug|Any CPU
		{CCE28350-F2DE-4076-8F22-591A9AB9CE63}.Debug|Any CPU.Build.0 = Debug|Any CPU
		{CCE28350-F2DE-4076-8F22-591A9AB9CE63}.Release|Any CPU.ActiveCfg = Release|Any CPU
		{CCE28350-F2DE-4076-8F22-591A9AB9CE63}.Release|Any CPU.Build.0 = Release|Any CPU
		{EF084B35-467D-4D1F-91A4-44122CD2F669}.Debug|Any CPU.ActiveCfg = Debug|Any CPU
		{EF084B35-467D-4D1F-91A4-44122CD2F669}.Debug|Any CPU.Build.0 = Debug|Any CPU
		{EF084B35-467D-4D1F-91A4-44122CD2F669}.Release|Any CPU.ActiveCfg = Release|Any CPU
		{EF084B35-467D-4D1F-91A4-44122CD2F669}.Release|Any CPU.Build.0 = Release|Any CPU
	EndGlobalSection
	GlobalSection(SolutionProperties) = preSolution
		HideSolutionNode = FALSE
	EndGlobalSection
	GlobalSection(ExtensibilityGlobals) = postSolution
		SolutionGuid = {75312359-2AD3-4CFC-A277-05F573314A1D}
	EndGlobalSection
EndGlobal
